
Microsoft Visual Studio Solution File, Format Version 12.00
# Visual Studio Version 17
VisualStudioVersion = 17.0.31903.59
MinimumVisualStudioVersion = 10.0.40219.1
Project("{FAE04EC0-301F-11D3-BF4B-00C04F79EFBC}") = "Winperax.BlazorWeb", "Winperax.BlazorWeb\Winperax.BlazorWeb.csproj", "{A5FF33EC-1900-4139-AF01-E500111C0B8B}"
EndProject
Project("{2150E333-8FDC-42A3-9474-1A3956D46DE8}") = "InsanKaynaklari", "InsanKaynaklari", "{9E6700FD-EA83-0E7E-CBEA-A4B2F28439C8}"
EndProject
Project("{FAE04EC0-301F-11D3-BF4B-00C04F79EFBC}") = "IK.Domain", "InsanKaynaklari\IK.Domain\IK.Domain.csproj", "{07C93E03-E013-4D01-B02F-0986820EB181}"
EndProject
Project("{FAE04EC0-301F-11D3-BF4B-00C04F79EFBC}") = "IK.Application", "InsanKaynaklari\IK.Application\IK.Application.csproj", "{76EE2AA9-35A3-4C24-B60B-CB5DA269D516}"
EndProject
Project("{FAE04EC0-301F-11D3-BF4B-00C04F79EFBC}") = "IK.Infrastructure", "InsanKaynaklari\IK.Infrastructure\IK.Infrastructure.csproj", "{C5FA59EA-D49E-4C8D-94F5-6313F8F200C0}"
EndProject
Project("{2150E333-8FDC-42A3-9474-1A3956D46DE8}") = "Finans", "Finans", "{C3CE9361-5350-1C96-3C4B-A2292E93A0F3}"
EndProject
Project("{FAE04EC0-301F-11D3-BF4B-00C04F79EFBC}") = "Finans.Domain", "Finans\Finans.Domain\Finans.Domain.csproj", "{C2072CBD-C36A-4AD6-9C8B-1D5B210C7467}"
EndProject
Project("{FAE04EC0-301F-11D3-BF4B-00C04F79EFBC}") = "Finans.Application", "Finans\Finans.Application\Finans.Application.csproj", "{25CB9C10-424A-4197-9A99-40E3FEAF856B}"
EndProject
Project("{FAE04EC0-301F-11D3-BF4B-00C04F79EFBC}") = "Finans.Infrastructure", "Finans\Finans.Infrastructure\Finans.Infrastructure.csproj", "{2B4E7764-73C2-4434-AF08-C14E62A4C22F}"
EndProject
Global
	GlobalSection(SolutionConfigurationPlatforms) = preSolution
		Debug|Any CPU = Debug|Any CPU
		Debug|x64 = Debug|x64
		Debug|x86 = Debug|x86
		Release|Any CPU = Release|Any CPU
		Release|x64 = Release|x64
		Release|x86 = Release|x86
	EndGlobalSection
	GlobalSection(ProjectConfigurationPlatforms) = postSolution
		{A5FF33EC-1900-4139-AF01-E500111C0B8B}.Debug|Any CPU.ActiveCfg = Debug|Any CPU
		{A5FF33EC-1900-4139-AF01-E500111C0B8B}.Debug|Any CPU.Build.0 = Debug|Any CPU
		{A5FF33EC-1900-4139-AF01-E500111C0B8B}.Debug|x64.ActiveCfg = Debug|Any CPU
		{A5FF33EC-1900-4139-AF01-E500111C0B8B}.Debug|x64.Build.0 = Debug|Any CPU
		{A5FF33EC-1900-4139-AF01-E500111C0B8B}.Debug|x86.ActiveCfg = Debug|Any CPU
		{A5FF33EC-1900-4139-AF01-E500111C0B8B}.Debug|x86.Build.0 = Debug|Any CPU
		{A5FF33EC-1900-4139-AF01-E500111C0B8B}.Release|Any CPU.ActiveCfg = Release|Any CPU
		{A5FF33EC-1900-4139-AF01-E500111C0B8B}.Release|Any CPU.Build.0 = Release|Any CPU
		{A5FF33EC-1900-4139-AF01-E500111C0B8B}.Release|x64.ActiveCfg = Release|Any CPU
		{A5FF33EC-1900-4139-AF01-E500111C0B8B}.Release|x64.Build.0 = Release|Any CPU
		{A5FF33EC-1900-4139-AF01-E500111C0B8B}.Release|x86.ActiveCfg = Release|Any CPU
		{A5FF33EC-1900-4139-AF01-E500111C0B8B}.Release|x86.Build.0 = Release|Any CPU
		{07C93E03-E013-4D01-B02F-0986820EB181}.Debug|Any CPU.ActiveCfg = Debug|Any CPU
		{07C93E03-E013-4D01-B02F-0986820EB181}.Debug|Any CPU.Build.0 = Debug|Any CPU
		{07C93E03-E013-4D01-B02F-0986820EB181}.Debug|x64.ActiveCfg = Debug|Any CPU
		{07C93E03-E013-4D01-B02F-0986820EB181}.Debug|x64.Build.0 = Debug|Any CPU
		{07C93E03-E013-4D01-B02F-0986820EB181}.Debug|x86.ActiveCfg = Debug|Any CPU
		{07C93E03-E013-4D01-B02F-0986820EB181}.Debug|x86.Build.0 = Debug|Any CPU
		{07C93E03-E013-4D01-B02F-0986820EB181}.Release|Any CPU.ActiveCfg = Release|Any CPU
		{07C93E03-E013-4D01-B02F-0986820EB181}.Release|Any CPU.Build.0 = Release|Any CPU
		{07C93E03-E013-4D01-B02F-0986820EB181}.Release|x64.ActiveCfg = Release|Any CPU
		{07C93E03-E013-4D01-B02F-0986820EB181}.Release|x64.Build.0 = Release|Any CPU
		{07C93E03-E013-4D01-B02F-0986820EB181}.Release|x86.ActiveCfg = Release|Any CPU
		{07C93E03-E013-4D01-B02F-0986820EB181}.Release|x86.Build.0 = Release|Any CPU
		{76EE2AA9-35A3-4C24-B60B-CB5DA269D516}.Debug|Any CPU.ActiveCfg = Debug|Any CPU
		{76EE2AA9-35A3-4C24-B60B-CB5DA269D516}.Debug|Any CPU.Build.0 = Debug|Any CPU
		{76EE2AA9-35A3-4C24-B60B-CB5DA269D516}.Debug|x64.ActiveCfg = Debug|Any CPU
		{76EE2AA9-35A3-4C24-B60B-CB5DA269D516}.Debug|x64.Build.0 = Debug|Any CPU
		{76EE2AA9-35A3-4C24-B60B-CB5DA269D516}.Debug|x86.ActiveCfg = Debug|Any CPU
		{76EE2AA9-35A3-4C24-B60B-CB5DA269D516}.Debug|x86.Build.0 = Debug|Any CPU
		{76EE2AA9-35A3-4C24-B60B-CB5DA269D516}.Release|Any CPU.ActiveCfg = Release|Any CPU
		{76EE2AA9-35A3-4C24-B60B-CB5DA269D516}.Release|Any CPU.Build.0 = Release|Any CPU
		{76EE2AA9-35A3-4C24-B60B-CB5DA269D516}.Release|x64.ActiveCfg = Release|Any CPU
		{76EE2AA9-35A3-4C24-B60B-CB5DA269D516}.Release|x64.Build.0 = Release|Any CPU
		{76EE2AA9-35A3-4C24-B60B-CB5DA269D516}.Release|x86.ActiveCfg = Release|Any CPU
		{76EE2AA9-35A3-4C24-B60B-CB5DA269D516}.Release|x86.Build.0 = Release|Any CPU
		{C5FA59EA-D49E-4C8D-94F5-6313F8F200C0}.Debug|Any CPU.ActiveCfg = Debug|Any CPU
		{C5FA59EA-D49E-4C8D-94F5-6313F8F200C0}.Debug|Any CPU.Build.0 = Debug|Any CPU
		{C5FA59EA-D49E-4C8D-94F5-6313F8F200C0}.Debug|x64.ActiveCfg = Debug|Any CPU
		{C5FA59EA-D49E-4C8D-94F5-6313F8F200C0}.Debug|x64.Build.0 = Debug|Any CPU
		{C5FA59EA-D49E-4C8D-94F5-6313F8F200C0}.Debug|x86.ActiveCfg = Debug|Any CPU
		{C5FA59EA-D49E-4C8D-94F5-6313F8F200C0}.Debug|x86.Build.0 = Debug|Any CPU
		{C5FA59EA-D49E-4C8D-94F5-6313F8F200C0}.Release|Any CPU.ActiveCfg = Release|Any CPU
		{C5FA59EA-D49E-4C8D-94F5-6313F8F200C0}.Release|Any CPU.Build.0 = Release|Any CPU
		{C5FA59EA-D49E-4C8D-94F5-6313F8F200C0}.Release|x64.ActiveCfg = Release|Any CPU
		{C5FA59EA-D49E-4C8D-94F5-6313F8F200C0}.Release|x64.Build.0 = Release|Any CPU
		{C5FA59EA-D49E-4C8D-94F5-6313F8F200C0}.Release|x86.ActiveCfg = Release|Any CPU
		{C5FA59EA-D49E-4C8D-94F5-6313F8F200C0}.Release|x86.Build.0 = Release|Any CPU
		{C2072CBD-C36A-4AD6-9C8B-1D5B210C7467}.Debug|Any CPU.ActiveCfg = Debug|Any CPU
		{C2072CBD-C36A-4AD6-9C8B-1D5B210C7467}.Debug|Any CPU.Build.0 = Debug|Any CPU
		{C2072CBD-C36A-4AD6-9C8B-1D5B210C7467}.Debug|x64.ActiveCfg = Debug|Any CPU
		{C2072CBD-C36A-4AD6-9C8B-1D5B210C7467}.Debug|x64.Build.0 = Debug|Any CPU
		{C2072CBD-C36A-4AD6-9C8B-1D5B210C7467}.Debug|x86.ActiveCfg = Debug|Any CPU
		{C2072CBD-C36A-4AD6-9C8B-1D5B210C7467}.Debug|x86.Build.0 = Debug|Any CPU
		{C2072CBD-C36A-4AD6-9C8B-1D5B210C7467}.Release|Any CPU.ActiveCfg = Release|Any CPU
		{C2072CBD-C36A-4AD6-9C8B-1D5B210C7467}.Release|Any CPU.Build.0 = Release|Any CPU
		{C2072CBD-C36A-4AD6-9C8B-1D5B210C7467}.Release|x64.ActiveCfg = Release|Any CPU
		{C2072CBD-C36A-4AD6-9C8B-1D5B210C7467}.Release|x64.Build.0 = Release|Any CPU
		{C2072CBD-C36A-4AD6-9C8B-1D5B210C7467}.Release|x86.ActiveCfg = Release|Any CPU
		{C2072CBD-C36A-4AD6-9C8B-1D5B210C7467}.Release|x86.Build.0 = Release|Any CPU
		{25CB9C10-424A-4197-9A99-40E3FEAF856B}.Debug|Any CPU.ActiveCfg = Debug|Any CPU
		{25CB9C10-424A-4197-9A99-40E3FEAF856B}.Debug|Any CPU.Build.0 = Debug|Any CPU
		{25CB9C10-424A-4197-9A99-40E3FEAF856B}.Debug|x64.ActiveCfg = Debug|Any CPU
		{25CB9C10-424A-4197-9A99-40E3FEAF856B}.Debug|x64.Build.0 = Debug|Any CPU
		{25CB9C10-424A-4197-9A99-40E3FEAF856B}.Debug|x86.ActiveCfg = Debug|Any CPU
		{25CB9C10-424A-4197-9A99-40E3FEAF856B}.Debug|x86.Build.0 = Debug|Any CPU
		{25CB9C10-424A-4197-9A99-40E3FEAF856B}.Release|Any CPU.ActiveCfg = Release|Any CPU
		{25CB9C10-424A-4197-9A99-40E3FEAF856B}.Release|Any CPU.Build.0 = Release|Any CPU
		{25CB9C10-424A-4197-9A99-40E3FEAF856B}.Release|x64.ActiveCfg = Release|Any CPU
		{25CB9C10-424A-4197-9A99-40E3FEAF856B}.Release|x64.Build.0 = Release|Any CPU
		{25CB9C10-424A-4197-9A99-40E3FEAF856B}.Release|x86.ActiveCfg = Release|Any CPU
		{25CB9C10-424A-4197-9A99-40E3FEAF856B}.Release|x86.Build.0 = Release|Any CPU
		{2B4E7764-73C2-4434-AF08-C14E62A4C22F}.Debug|Any CPU.ActiveCfg = Debug|Any CPU
		{2B4E7764-73C2-4434-AF08-C14E62A4C22F}.Debug|Any CPU.Build.0 = Debug|Any CPU
		{2B4E7764-73C2-4434-AF08-C14E62A4C22F}.Debug|x64.ActiveCfg = Debug|Any CPU
		{2B4E7764-73C2-4434-AF08-C14E62A4C22F}.Debug|x64.Build.0 = Debug|Any CPU
		{2B4E7764-73C2-4434-AF08-C14E62A4C22F}.Debug|x86.ActiveCfg = Debug|Any CPU
		{2B4E7764-73C2-4434-AF08-C14E62A4C22F}.Debug|x86.Build.0 = Debug|Any CPU
		{2B4E7764-73C2-4434-AF08-C14E62A4C22F}.Release|Any CPU.ActiveCfg = Release|Any CPU
		{2B4E7764-73C2-4434-AF08-C14E62A4C22F}.Release|Any CPU.Build.0 = Release|Any CPU
		{2B4E7764-73C2-4434-AF08-C14E62A4C22F}.Release|x64.ActiveCfg = Release|Any CPU
		{2B4E7764-73C2-4434-AF08-C14E62A4C22F}.Release|x64.Build.0 = Release|Any CPU
		{2B4E7764-73C2-4434-AF08-C14E62A4C22F}.Release|x86.ActiveCfg = Release|Any CPU
		{2B4E7764-73C2-4434-AF08-C14E62A4C22F}.Release|x86.Build.0 = Release|Any CPU
	EndGlobalSection
	GlobalSection(SolutionProperties) = preSolution
		HideSolutionNode = FALSE
	EndGlobalSection
	GlobalSection(NestedProjects) = preSolution
		{07C93E03-E013-4D01-B02F-0986820EB181} = {9E6700FD-EA83-0E7E-CBEA-A4B2F28439C8}
		{76EE2AA9-35A3-4C24-B60B-CB5DA269D516} = {9E6700FD-EA83-0E7E-CBEA-A4B2F28439C8}
		{C5FA59EA-D49E-4C8D-94F5-6313F8F200C0} = {9E6700FD-EA83-0E7E-CBEA-A4B2F28439C8}
		{C2072CBD-C36A-4AD6-9C8B-1D5B210C7467} = {C3CE9361-5350-1C96-3C4B-A2292E93A0F3}
		{25CB9C10-424A-4197-9A99-40E3FEAF856B} = {C3CE9361-5350-1C96-3C4B-A2292E93A0F3}
		{2B4E7764-73C2-4434-AF08-C14E62A4C22F} = {C3CE9361-5350-1C96-3C4B-A2292E93A0F3}
	EndGlobalSection
EndGlobal
